
Microsoft Visual Studio Solution File, Format Version 12.00
# Visual Studio Version 17
VisualStudioVersion = 17.11.35327.3
MinimumVisualStudioVersion = 10.0.40219.1
Project("{FAE04EC0-301F-11D3-BF4B-00C04F79EFBC}") = "Lecture14_1", "Lecture14_1\Lecture14_1.csproj", "{4A880610-93C1-4F18-B96C-8A7199E96401}"
EndProject
Project("{FAE04EC0-301F-11D3-BF4B-00C04F79EFBC}") = "Lecture14_1.Core", "Lecture14_1.Core\Lecture14_1.Core.csproj", "{960902DB-6A54-4E21-A515-BFC3C190CEE5}"
EndProject
Project("{FAE04EC0-301F-11D3-BF4B-00C04F79EFBC}") = "Lecture14_2", "Lecture14_2\Lecture14_2.csproj", "{AD28ECA3-69A8-4B4A-A7A0-487E1A3DD4D0}"
EndProject
Project("{FAE04EC0-301F-11D3-BF4B-00C04F79EFBC}") = "Lecture14_2.Core", "Lecture14_2.Core\Lecture14_2.Core.csproj", "{030E874D-1762-49CC-9776-7DF4AEDA43F5}"
EndProject
Global
	GlobalSection(SolutionConfigurationPlatforms) = preSolution
		Debug|Any CPU = Debug|Any CPU
		Release|Any CPU = Release|Any CPU
	EndGlobalSection
	GlobalSection(ProjectConfigurationPlatforms) = postSolution
		{4A880610-93C1-4F18-B96C-8A7199E96401}.Debug|Any CPU.ActiveCfg = Debug|Any CPU
		{4A880610-93C1-4F18-B96C-8A7199E96401}.Debug|Any CPU.Build.0 = Debug|Any CPU
		{4A880610-93C1-4F18-B96C-8A7199E96401}.Release|Any CPU.ActiveCfg = Release|Any CPU
		{4A880610-93C1-4F18-B96C-8A7199E96401}.Release|Any CPU.Build.0 = Release|Any CPU
		{960902DB-6A54-4E21-A515-BFC3C190CEE5}.Debug|Any CPU.ActiveCfg = Debug|Any CPU
		{960902DB-6A54-4E21-A515-BFC3C190CEE5}.Debug|Any CPU.Build.0 = Debug|Any CPU
		{960902DB-6A54-4E21-A515-BFC3C190CEE5}.Release|Any CPU.ActiveCfg = Release|Any CPU
		{960902DB-6A54-4E21-A515-BFC3C190CEE5}.Release|Any CPU.Build.0 = Release|Any CPU
		{AD28ECA3-69A8-4B4A-A7A0-487E1A3DD4D0}.Debug|Any CPU.ActiveCfg = Debug|Any CPU
		{AD28ECA3-69A8-4B4A-A7A0-487E1A3DD4D0}.Debug|Any CPU.Build.0 = Debug|Any CPU
		{AD28ECA3-69A8-4B4A-A7A0-487E1A3DD4D0}.Release|Any CPU.ActiveCfg = Release|Any CPU
		{AD28ECA3-69A8-4B4A-A7A0-487E1A3DD4D0}.Release|Any CPU.Build.0 = Release|Any CPU
		{030E874D-1762-49CC-9776-7DF4AEDA43F5}.Debug|Any CPU.ActiveCfg = Debug|Any CPU
		{030E874D-1762-49CC-9776-7DF4AEDA43F5}.Debug|Any CPU.Build.0 = Debug|Any CPU
		{030E874D-1762-49CC-9776-7DF4AEDA43F5}.Release|Any CPU.ActiveCfg = Release|Any CPU
		{030E874D-1762-49CC-9776-7DF4AEDA43F5}.Release|Any CPU.Build.0 = Release|Any CPU
	EndGlobalSection
	GlobalSection(SolutionProperties) = preSolution
		HideSolutionNode = FALSE
	EndGlobalSection
	GlobalSection(ExtensibilityGlobals) = postSolution
		SolutionGuid = {4BD88A0B-7AA7-4108-BFFB-3F71FFD31E31}
	EndGlobalSection
EndGlobal
